
Microsoft Visual Studio Solution File, Format Version 12.00
# Visual Studio Version 17
VisualStudioVersion = 17.10.35013.160
MinimumVisualStudioVersion = 10.0.40219.1
Project("{9A19103F-16F7-4668-BE54-9A1E7A4F7556}") = "test-back", "test-back.csproj", "{0058F97B-5955-465C-B0B6-A3FC12FF2571}"
EndProject
Project("{FAE04EC0-301F-11D3-BF4B-00C04F79EFBC}") = "BlazorApp1", "..\BlazorApp1\BlazorApp1.csproj", "{A7F653FB-AB07-4CF8-97BB-BEEA3FEF9E17}"
EndProject
Global
	GlobalSection(SolutionConfigurationPlatforms) = preSolution
		Debug|Any CPU = Debug|Any CPU
		Release|Any CPU = Release|Any CPU
	EndGlobalSection
	GlobalSection(ProjectConfigurationPlatforms) = postSolution
		{0058F97B-5955-465C-B0B6-A3FC12FF2571}.Debug|Any CPU.ActiveCfg = Debug|Any CPU
		{0058F97B-5955-465C-B0B6-A3FC12FF2571}.Debug|Any CPU.Build.0 = Debug|Any CPU
		{0058F97B-5955-465C-B0B6-A3FC12FF2571}.Release|Any CPU.ActiveCfg = Release|Any CPU
		{0058F97B-5955-465C-B0B6-A3FC12FF2571}.Release|Any CPU.Build.0 = Release|Any CPU
		{A7F653FB-AB07-4CF8-97BB-BEEA3FEF9E17}.Debug|Any CPU.ActiveCfg = Debug|Any CPU
		{A7F653FB-AB07-4CF8-97BB-BEEA3FEF9E17}.Debug|Any CPU.Build.0 = Debug|Any CPU
		{A7F653FB-AB07-4CF8-97BB-BEEA3FEF9E17}.Release|Any CPU.ActiveCfg = Release|Any CPU
		{A7F653FB-AB07-4CF8-97BB-BEEA3FEF9E17}.Release|Any CPU.Build.0 = Release|Any CPU
	EndGlobalSection
	GlobalSection(SolutionProperties) = preSolution
		HideSolutionNode = FALSE
	EndGlobalSection
	GlobalSection(ExtensibilityGlobals) = postSolution
		SolutionGuid = {DA4F3A41-00AA-4E1A-BB31-57411BF18638}
	EndGlobalSection
EndGlobal
